Microsoft Visual Studio Solution File, Format Version 12.00
# Visual Studio Version 16
VisualStudioVersion = 16.0.30611.23
MinimumVisualStudioVersion = 10.0.40219.1
Project("{9A19103F-16F7-4668-BE54-9A1E7A4F7556}") = "AllergyTest", "AllergyTest\AllergyTest.csproj", "{DE28C80B-0917-4897-8243-8C3DB26898EB}"
EndProject
Project("{9A19103F-16F7-4668-BE54-9A1E7A4F7556}") = "AllergyTest.Tests", "AllergyTest.Tests\AllergyTest.Tests.csproj", "{F4B77CDC-180B-4EDF-BEA5-988F7176B6D0}"
EndProject
Project("{2150E333-8FDC-42A3-9474-1A3956D46DE8}") = "Solution Items", "Solution Items", "{8FF82973-BD16-489A-B4CA-A5EE66DBE372}"
	ProjectSection(SolutionItems) = preProject
		code-analysis.ruleset = code-analysis.ruleset
		README.md = README.md
		stylecop.json = stylecop.json
	EndProjectSection
EndProject
Global
	GlobalSection(SolutionConfigurationPlatforms) = preSolution
		Debug|Any CPU = Debug|Any CPU
		Release|Any CPU = Release|Any CPU
	EndGlobalSection
	GlobalSection(ProjectConfigurationPlatforms) = postSolution
		{DE28C80B-0917-4897-8243-8C3DB26898EB}.Debug|Any CPU.ActiveCfg = Debug|Any CPU
		{DE28C80B-0917-4897-8243-8C3DB26898EB}.Debug|Any CPU.Build.0 = Debug|Any CPU
		{DE28C80B-0917-4897-8243-8C3DB26898EB}.Release|Any CPU.ActiveCfg = Release|Any CPU
		{DE28C80B-0917-4897-8243-8C3DB26898EB}.Release|Any CPU.Build.0 = Release|Any CPU
		{F4B77CDC-180B-4EDF-BEA5-988F7176B6D0}.Debug|Any CPU.ActiveCfg = Debug|Any CPU
		{F4B77CDC-180B-4EDF-BEA5-988F7176B6D0}.Debug|Any CPU.Build.0 = Debug|Any CPU
		{F4B77CDC-180B-4EDF-BEA5-988F7176B6D0}.Release|Any CPU.ActiveCfg = Release|Any CPU
		{F4B77CDC-180B-4EDF-BEA5-988F7176B6D0}.Release|Any CPU.Build.0 = Release|Any CPU
	EndGlobalSection
	GlobalSection(SolutionProperties) = preSolution
		HideSolutionNode = FALSE
	EndGlobalSection
	GlobalSection(ExtensibilityGlobals) = postSolution
		SolutionGuid = {96FB1FEA-6E15-438F-A232-4D6947441867}
	EndGlobalSection
EndGlobal
